
Microsoft Visual Studio Solution File, Format Version 12.00
# Visual Studio Version 16
VisualStudioVersion = 16.0.31613.86
MinimumVisualStudioVersion = 10.0.40219.1
Project("{FAE04EC0-301F-11D3-BF4B-00C04F79EFBC}") = "ExerciciosRepeticao", "ExerciciosRepeticao\ExerciciosRepeticao.csproj", "{04585B09-2D56-4396-8204-9268ED9FB770}"
EndProject
Global
	GlobalSection(SolutionConfigurationPlatforms) = preSolution
		Debug|Any CPU = Debug|Any CPU
		Release|Any CPU = Release|Any CPU
	EndGlobalSection
	GlobalSection(ProjectConfigurationPlatforms) = postSolution
		{04585B09-2D56-4396-8204-9268ED9FB770}.Debug|Any CPU.ActiveCfg = Debug|Any CPU
		{04585B09-2D56-4396-8204-9268ED9FB770}.Debug|Any CPU.Build.0 = Debug|Any CPU
		{04585B09-2D56-4396-8204-9268ED9FB770}.Release|Any CPU.ActiveCfg = Release|Any CPU
		{04585B09-2D56-4396-8204-9268ED9FB770}.Release|Any CPU.Build.0 = Release|Any CPU
	EndGlobalSection
	GlobalSection(SolutionProperties) = preSolution
		HideSolutionNode = FALSE
	EndGlobalSection
	GlobalSection(ExtensibilityGlobals) = postSolution
		SolutionGuid = {406F7504-8576-48ED-9366-25246B6F15F5}
	EndGlobalSection
EndGlobal
